
Microsoft Visual Studio Solution File, Format Version 12.00
# Visual Studio Version 17
VisualStudioVersion = 17.0.31423.177
MinimumVisualStudioVersion = 10.0.40219.1
Project("{9A19103F-16F7-4668-BE54-9A1E7A4F7556}") = "Nutrilab.Web.App.Server", "Nutrilab.Web.App\Server\Nutrilab.Web.App.Server.csproj", "{90A2840F-E692-4787-8F72-1DC26FD4106A}"
EndProject
Project("{9A19103F-16F7-4668-BE54-9A1E7A4F7556}") = "Nutrilab.Web.App.Client", "Nutrilab.Web.App\Client\Nutrilab.Web.App.Client.csproj", "{7595C011-2019-4CFC-82C4-EDF2962A8FA1}"
EndProject
Project("{9A19103F-16F7-4668-BE54-9A1E7A4F7556}") = "Nutrilab.Web.App.Shared", "Nutrilab.Web.App\Shared\Nutrilab.Web.App.Shared.csproj", "{F03374FE-6E60-46CF-8AF6-ED01F68AF74F}"
EndProject
Project("{FAE04EC0-301F-11D3-BF4B-00C04F79EFBC}") = "Nutrilab.Spec", "Nutrilab.Spec\Nutrilab.Spec.csproj", "{4063E1B0-0FA5-480B-AFB8-EB6F94D32004}"
EndProject
Global
	GlobalSection(SolutionConfigurationPlatforms) = preSolution
		Debug|Any CPU = Debug|Any CPU
		Release|Any CPU = Release|Any CPU
	EndGlobalSection
	GlobalSection(ProjectConfigurationPlatforms) = postSolution
		{90A2840F-E692-4787-8F72-1DC26FD4106A}.Debug|Any CPU.ActiveCfg = Debug|Any CPU
		{90A2840F-E692-4787-8F72-1DC26FD4106A}.Debug|Any CPU.Build.0 = Debug|Any CPU
		{90A2840F-E692-4787-8F72-1DC26FD4106A}.Release|Any CPU.ActiveCfg = Release|Any CPU
		{90A2840F-E692-4787-8F72-1DC26FD4106A}.Release|Any CPU.Build.0 = Release|Any CPU
		{7595C011-2019-4CFC-82C4-EDF2962A8FA1}.Debug|Any CPU.ActiveCfg = Debug|Any CPU
		{7595C011-2019-4CFC-82C4-EDF2962A8FA1}.Debug|Any CPU.Build.0 = Debug|Any CPU
		{7595C011-2019-4CFC-82C4-EDF2962A8FA1}.Release|Any CPU.ActiveCfg = Release|Any CPU
		{7595C011-2019-4CFC-82C4-EDF2962A8FA1}.Release|Any CPU.Build.0 = Release|Any CPU
		{F03374FE-6E60-46CF-8AF6-ED01F68AF74F}.Debug|Any CPU.ActiveCfg = Debug|Any CPU
		{F03374FE-6E60-46CF-8AF6-ED01F68AF74F}.Debug|Any CPU.Build.0 = Debug|Any CPU
		{F03374FE-6E60-46CF-8AF6-ED01F68AF74F}.Release|Any CPU.ActiveCfg = Release|Any CPU
		{F03374FE-6E60-46CF-8AF6-ED01F68AF74F}.Release|Any CPU.Build.0 = Release|Any CPU
		{4063E1B0-0FA5-480B-AFB8-EB6F94D32004}.Debug|Any CPU.ActiveCfg = Debug|Any CPU
		{4063E1B0-0FA5-480B-AFB8-EB6F94D32004}.Debug|Any CPU.Build.0 = Debug|Any CPU
		{4063E1B0-0FA5-480B-AFB8-EB6F94D32004}.Release|Any CPU.ActiveCfg = Release|Any CPU
		{4063E1B0-0FA5-480B-AFB8-EB6F94D32004}.Release|Any CPU.Build.0 = Release|Any CPU
	EndGlobalSection
	GlobalSection(SolutionProperties) = preSolution
		HideSolutionNode = FALSE
	EndGlobalSection
	GlobalSection(ExtensibilityGlobals) = postSolution
		SolutionGuid = {3DF45DFD-288B-4B59-99C3-94CE38980D7C}
	EndGlobalSection
EndGlobal
